
Microsoft Visual Studio Solution File, Format Version 12.00
# Visual Studio Version 16
VisualStudioVersion = 16.0.29911.84
MinimumVisualStudioVersion = 10.0.40219.1
Project("{2150E333-8FDC-42A3-9474-1A3956D46DE8}") = "InsurancePolicy.UI.MVC", "InsurancePolicy.UI.MVC", "{49A16806-4CF7-4B96-AC7E-86F3924E082F}"
EndProject
Project("{9A19103F-16F7-4668-BE54-9A1E7A4F7556}") = "InsurancePolicy.UI.MVC", "InsurancePolicy.UI.MVC\InsurancePolicy.UI.MVC.csproj", "{3D6D0B66-FB49-4859-9C53-2CBE2C594A12}"
EndProject
Project("{2150E333-8FDC-42A3-9474-1A3956D46DE8}") = "InsurancePolicy.Domain", "InsurancePolicy.Domain", "{29ADDC2D-A97E-44CE-8888-E050D0DA4D40}"
EndProject
Project("{9A19103F-16F7-4668-BE54-9A1E7A4F7556}") = "InsurancePolicy.Domain", "InsurancePolicy.Domain\InsurancePolicy.Domain.csproj", "{B07D97F7-E46A-46A7-98A7-F3B8882F967F}"
EndProject
Project("{2150E333-8FDC-42A3-9474-1A3956D46DE8}") = "InsurancePolicy.Infrastructure.Data", "InsurancePolicy.Infrastructure.Data", "{A5A6342F-5F9C-4A20-A461-6EEDE02815C1}"
EndProject
Project("{9A19103F-16F7-4668-BE54-9A1E7A4F7556}") = "InsurancePolicy.Infrastructure.Data", "InsurancePolicy.Infrastructure.Data\InsurancePolicy.Infrastructure.Data.csproj", "{726F2D22-FF77-468C-91C8-02F43CE8F2CE}"
EndProject
Project("{2150E333-8FDC-42A3-9474-1A3956D46DE8}") = "InsurancePolicy.Application", "InsurancePolicy.Application", "{BC8FE371-9EDA-49EF-8247-F48CAB8D10CC}"
EndProject
Project("{9A19103F-16F7-4668-BE54-9A1E7A4F7556}") = "InsurancePolicy.Application", "InsurancePolicy.Application\InsurancePolicy.Application.csproj", "{001FD1A1-0633-44A7-A601-49C5B2689CC9}"
EndProject
Project("{2150E333-8FDC-42A3-9474-1A3956D46DE8}") = "InsurancePolicy.Infrastructure.IoC", "InsurancePolicy.Infrastructure.IoC", "{70BE9C46-377C-4B6B-8D0D-7EC37951AC9E}"
EndProject
Project("{FAE04EC0-301F-11D3-BF4B-00C04F79EFBC}") = "InsurancePolicy.Infrastructure.IoC", "InsurancePolicy.Infrastructure.IoC\InsurancePolicy.Infrastructure.IoC.csproj", "{6DE78589-2CAB-4DDB-84EA-F18836CBBEB3}"
EndProject
Project("{2150E333-8FDC-42A3-9474-1A3956D46DE8}") = "InsurancePolicy.UnitTest.Project", "InsurancePolicy.UnitTest.Project", "{9362742B-D4D0-4773-ACF9-F0DB76D8F227}"
EndProject
Project("{FAE04EC0-301F-11D3-BF4B-00C04F79EFBC}") = "InsurancePolicy.UnitTest.Test", "InsurancePolicy.UnitTest.Test\InsurancePolicy.UnitTest.Test.csproj", "{64A7C2DD-94B2-4E58-8FF1-4C30876E390D}"
EndProject
Project("{2150E333-8FDC-42A3-9474-1A3956D46DE8}") = "InsurancePolicy.Api", "InsurancePolicy.Api", "{DDB2ED49-FEDA-49B8-A315-E4C7323A4B67}"
EndProject
Project("{FAE04EC0-301F-11D3-BF4B-00C04F79EFBC}") = "InsurancePolicy.Api", "InsurancePolicy.Api\InsurancePolicy.Api.csproj", "{E29FE32F-F580-4E8F-ABC8-2AEA3D92B346}"
EndProject
Project("{2150E333-8FDC-42A3-9474-1A3956D46DE8}") = "InsurancePolicy.Client.Api", "InsurancePolicy.Client.Api", "{420C0C4C-D593-4B76-AEC5-57513766CE5D}"
EndProject
Project("{FAE04EC0-301F-11D3-BF4B-00C04F79EFBC}") = "InsurancePolicy.Client.Api", "InsurancePolicy.Client.Api\InsurancePolicy.Client.Api.csproj", "{40EF9BFA-9CD4-47AC-A51C-1E9F65550570}"
EndProject
Global
	GlobalSection(SolutionConfigurationPlatforms) = preSolution
		Debug|Any CPU = Debug|Any CPU
		Release|Any CPU = Release|Any CPU
	EndGlobalSection
	GlobalSection(ProjectConfigurationPlatforms) = postSolution
		{3D6D0B66-FB49-4859-9C53-2CBE2C594A12}.Debug|Any CPU.ActiveCfg = Debug|Any CPU
		{3D6D0B66-FB49-4859-9C53-2CBE2C594A12}.Debug|Any CPU.Build.0 = Debug|Any CPU
		{3D6D0B66-FB49-4859-9C53-2CBE2C594A12}.Release|Any CPU.ActiveCfg = Release|Any CPU
		{3D6D0B66-FB49-4859-9C53-2CBE2C594A12}.Release|Any CPU.Build.0 = Release|Any CPU
		{B07D97F7-E46A-46A7-98A7-F3B8882F967F}.Debug|Any CPU.ActiveCfg = Debug|Any CPU
		{B07D97F7-E46A-46A7-98A7-F3B8882F967F}.Debug|Any CPU.Build.0 = Debug|Any CPU
		{B07D97F7-E46A-46A7-98A7-F3B8882F967F}.Release|Any CPU.ActiveCfg = Release|Any CPU
		{B07D97F7-E46A-46A7-98A7-F3B8882F967F}.Release|Any CPU.Build.0 = Release|Any CPU
		{726F2D22-FF77-468C-91C8-02F43CE8F2CE}.Debug|Any CPU.ActiveCfg = Debug|Any CPU
		{726F2D22-FF77-468C-91C8-02F43CE8F2CE}.Debug|Any CPU.Build.0 = Debug|Any CPU
		{726F2D22-FF77-468C-91C8-02F43CE8F2CE}.Release|Any CPU.ActiveCfg = Release|Any CPU
		{726F2D22-FF77-468C-91C8-02F43CE8F2CE}.Release|Any CPU.Build.0 = Release|Any CPU
		{001FD1A1-0633-44A7-A601-49C5B2689CC9}.Debug|Any CPU.ActiveCfg = Debug|Any CPU
		{001FD1A1-0633-44A7-A601-49C5B2689CC9}.Debug|Any CPU.Build.0 = Debug|Any CPU
		{001FD1A1-0633-44A7-A601-49C5B2689CC9}.Release|Any CPU.ActiveCfg = Release|Any CPU
		{001FD1A1-0633-44A7-A601-49C5B2689CC9}.Release|Any CPU.Build.0 = Release|Any CPU
		{6DE78589-2CAB-4DDB-84EA-F18836CBBEB3}.Debug|Any CPU.ActiveCfg = Debug|Any CPU
		{6DE78589-2CAB-4DDB-84EA-F18836CBBEB3}.Debug|Any CPU.Build.0 = Debug|Any CPU
		{6DE78589-2CAB-4DDB-84EA-F18836CBBEB3}.Release|Any CPU.ActiveCfg = Release|Any CPU
		{6DE78589-2CAB-4DDB-84EA-F18836CBBEB3}.Release|Any CPU.Build.0 = Release|Any CPU
		{64A7C2DD-94B2-4E58-8FF1-4C30876E390D}.Debug|Any CPU.ActiveCfg = Debug|Any CPU
		{64A7C2DD-94B2-4E58-8FF1-4C30876E390D}.Debug|Any CPU.Build.0 = Debug|Any CPU
		{64A7C2DD-94B2-4E58-8FF1-4C30876E390D}.Release|Any CPU.ActiveCfg = Release|Any CPU
		{64A7C2DD-94B2-4E58-8FF1-4C30876E390D}.Release|Any CPU.Build.0 = Release|Any CPU
		{E29FE32F-F580-4E8F-ABC8-2AEA3D92B346}.Debug|Any CPU.ActiveCfg = Debug|Any CPU
		{E29FE32F-F580-4E8F-ABC8-2AEA3D92B346}.Debug|Any CPU.Build.0 = Debug|Any CPU
		{E29FE32F-F580-4E8F-ABC8-2AEA3D92B346}.Release|Any CPU.ActiveCfg = Release|Any CPU
		{E29FE32F-F580-4E8F-ABC8-2AEA3D92B346}.Release|Any CPU.Build.0 = Release|Any CPU
		{40EF9BFA-9CD4-47AC-A51C-1E9F65550570}.Debug|Any CPU.ActiveCfg = Debug|Any CPU
		{40EF9BFA-9CD4-47AC-A51C-1E9F65550570}.Debug|Any CPU.Build.0 = Debug|Any CPU
		{40EF9BFA-9CD4-47AC-A51C-1E9F65550570}.Release|Any CPU.ActiveCfg = Release|Any CPU
		{40EF9BFA-9CD4-47AC-A51C-1E9F65550570}.Release|Any CPU.Build.0 = Release|Any CPU
	EndGlobalSection
	GlobalSection(SolutionProperties) = preSolution
		HideSolutionNode = FALSE
	EndGlobalSection
	GlobalSection(NestedProjects) = preSolution
		{3D6D0B66-FB49-4859-9C53-2CBE2C594A12} = {49A16806-4CF7-4B96-AC7E-86F3924E082F}
		{B07D97F7-E46A-46A7-98A7-F3B8882F967F} = {29ADDC2D-A97E-44CE-8888-E050D0DA4D40}
		{726F2D22-FF77-468C-91C8-02F43CE8F2CE} = {A5A6342F-5F9C-4A20-A461-6EEDE02815C1}
		{001FD1A1-0633-44A7-A601-49C5B2689CC9} = {BC8FE371-9EDA-49EF-8247-F48CAB8D10CC}
		{6DE78589-2CAB-4DDB-84EA-F18836CBBEB3} = {70BE9C46-377C-4B6B-8D0D-7EC37951AC9E}
		{64A7C2DD-94B2-4E58-8FF1-4C30876E390D} = {9362742B-D4D0-4773-ACF9-F0DB76D8F227}
		{E29FE32F-F580-4E8F-ABC8-2AEA3D92B346} = {DDB2ED49-FEDA-49B8-A315-E4C7323A4B67}
		{40EF9BFA-9CD4-47AC-A51C-1E9F65550570} = {420C0C4C-D593-4B76-AEC5-57513766CE5D}
	EndGlobalSection
	GlobalSection(ExtensibilityGlobals) = postSolution
		SolutionGuid = {DBC28EA7-AEE0-4529-8909-62804278A96A}
	EndGlobalSection
EndGlobal
