
Microsoft Visual Studio Solution File, Format Version 12.00
# Visual Studio Version 16
VisualStudioVersion = 16.0.29911.84
MinimumVisualStudioVersion = 10.0.40219.1
Project("{2150E333-8FDC-42A3-9474-1A3956D46DE8}") = "InsurancePolicy.UI.MVC", "InsurancePolicy.UI.MVC", "{49A16806-4CF7-4B96-AC7E-86F3924E082F}"
EndProject
Project("{FAE04EC0-301F-11D3-BF4B-00C04F79EFBC}") = "InsurancePolicy.UI.MVC", "InsurancePolicy.UI.MVC\InsurancePolicy.UI.MVC.csproj", "{3D6D0B66-FB49-4859-9C53-2CBE2C594A12}"
EndProject
Project("{2150E333-8FDC-42A3-9474-1A3956D46DE8}") = "InsurancePolicy.Domain", "InsurancePolicy.Domain", "{29ADDC2D-A97E-44CE-8888-E050D0DA4D40}"
EndProject
Project("{FAE04EC0-301F-11D3-BF4B-00C04F79EFBC}") = "InsurancePolicy.Domain", "InsurancePolicy.Domain\InsurancePolicy.Domain.csproj", "{B07D97F7-E46A-46A7-98A7-F3B8882F967F}"
EndProject
Global
	GlobalSection(SolutionConfigurationPlatforms) = preSolution
		Debug|Any CPU = Debug|Any CPU
		Release|Any CPU = Release|Any CPU
	EndGlobalSection
	GlobalSection(ProjectConfigurationPlatforms) = postSolution
		{3D6D0B66-FB49-4859-9C53-2CBE2C594A12}.Debug|Any CPU.ActiveCfg = Debug|Any CPU
		{3D6D0B66-FB49-4859-9C53-2CBE2C594A12}.Debug|Any CPU.Build.0 = Debug|Any CPU
		{3D6D0B66-FB49-4859-9C53-2CBE2C594A12}.Release|Any CPU.ActiveCfg = Release|Any CPU
		{3D6D0B66-FB49-4859-9C53-2CBE2C594A12}.Release|Any CPU.Build.0 = Release|Any CPU
		{B07D97F7-E46A-46A7-98A7-F3B8882F967F}.Debug|Any CPU.ActiveCfg = Debug|Any CPU
		{B07D97F7-E46A-46A7-98A7-F3B8882F967F}.Debug|Any CPU.Build.0 = Debug|Any CPU
		{B07D97F7-E46A-46A7-98A7-F3B8882F967F}.Release|Any CPU.ActiveCfg = Release|Any CPU
		{B07D97F7-E46A-46A7-98A7-F3B8882F967F}.Release|Any CPU.Build.0 = Release|Any CPU
	EndGlobalSection
	GlobalSection(SolutionProperties) = preSolution
		HideSolutionNode = FALSE
	EndGlobalSection
	GlobalSection(NestedProjects) = preSolution
		{3D6D0B66-FB49-4859-9C53-2CBE2C594A12} = {49A16806-4CF7-4B96-AC7E-86F3924E082F}
		{B07D97F7-E46A-46A7-98A7-F3B8882F967F} = {29ADDC2D-A97E-44CE-8888-E050D0DA4D40}
	EndGlobalSection
	GlobalSection(ExtensibilityGlobals) = postSolution
		SolutionGuid = {DBC28EA7-AEE0-4529-8909-62804278A96A}
	EndGlobalSection
EndGlobal
